
Microsoft Visual Studio Solution File, Format Version 12.00
# Visual Studio 15
VisualStudioVersion = 15.0.27130.2010
MinimumVisualStudioVersion = 10.0.40219.1
Project("{FAE04EC0-301F-11D3-BF4B-00C04F79EFBC}") = "LineFilter", "LineFilter\LineFilter.csproj", "{D5FE70A1-6D85-4D3F-B616-417D13912298}"
EndProject
Global
	GlobalSection(SolutionConfigurationPlatforms) = preSolution
		Debug|Any CPU = Debug|Any CPU
		Release|Any CPU = Release|Any CPU
	EndGlobalSection
	GlobalSection(ProjectConfigurationPlatforms) = postSolution
		{D5FE70A1-6D85-4D3F-B616-417D13912298}.Debug|Any CPU.ActiveCfg = Debug|Any CPU
		{D5FE70A1-6D85-4D3F-B616-417D13912298}.Debug|Any CPU.Build.0 = Debug|Any CPU
		{D5FE70A1-6D85-4D3F-B616-417D13912298}.Release|Any CPU.ActiveCfg = Release|Any CPU
		{D5FE70A1-6D85-4D3F-B616-417D13912298}.Release|Any CPU.Build.0 = Release|Any CPU
	EndGlobalSection
	GlobalSection(SolutionProperties) = preSolution
		HideSolutionNode = FALSE
	EndGlobalSection
	GlobalSection(ExtensibilityGlobals) = postSolution
		SolutionGuid = {F63E77DE-D269-49D9-9C1F-4519448CE672}
	EndGlobalSection
EndGlobal
